version = 1
revision = 3
requires-python = ">=3.8"
resolution-markers = [
    "python_full_version >= '3.10'",
    "python_full_version == '3.9.*'",
    "python_full_version < '3.9'",
]

[[package]]
name = "ghaf-usb-applet"
version = "0.1.0"
source = { editable = "." }
dependencies = [
    { name = "pygobject", version = "3.48.2", source = { registry = "https://pypi.org/simple" }, marker = "python_full_version < '3.9'" },
    { name = "pygobject", version = "3.54.5", source = { registry = "https://pypi.org/simple" }, marker = "python_full_version == '3.9.*'" },
    { name = "pygobject", version = "3.58.0", source = { registry = "https://pypi.org/simple" }, marker = "python_full_version >= '3.10'" },
]

[package.metadata]
requires-dist = [{ name = "pygobject", specifier = ">=3.44" }]

[package.metadata.requires-dev]
dev = []

[[package]]
name = "pycairo"
version = "1.26.1"
source = { registry = "https://pypi.org/simple" }
resolution-markers = [
    "python_full_version < '3.9'",
]
sdist = { url = "https://files.pythonhosted.org/packages/19/4f/0d48a017090d4527e921d6892bc550ae869902e67859fc960f8fe63a9094/pycairo-1.26.1.tar.gz", hash = "sha256:a11b999ce55b798dbf13516ab038e0ce8b6ec299b208d7c4e767a6f7e68e8430", size = 346882, upload-time = "2024-06-21T10:37:41.527Z" }
wheels = [
    { url = "https://files.pythonhosted.org/packages/49/13/6279ce219c5735880af7a0b97d3041f106eebf8e7527aad3e4df4e2fcf6d/pycairo-1.26.1-cp310-cp310-win32.whl", hash = "sha256:b93b9e3072826a346f1f79cb1becc403d1ba4a3971cad61d144db0fe6dcb6be8", size = 766503, upload-time = "2024-06-21T10:37:05.819Z" },
    { url = "https://files.pythonhosted.org/packages/32/ec/cf8510f556ce950546216738cdbee631e917ad6734b5cd84f9204756f708/pycairo-1.26.1-cp310-cp310-win_amd64.whl", hash = "sha256:acfc76924ed668d8fea50f6cc6097b9a57ef6cd3dc3f2fa20814380d639a6dd2", size = 861880, upload-time = "2024-06-21T10:37:10.404Z" },
    { url = "https://files.pythonhosted.org/packages/8c/3b/a0d007048dd550afc3394bc7d80f6ddd1fa9c8d2d12b75aab651f604dba1/pycairo-1.26.1-cp310-cp310-win_arm64.whl", hash = "sha256:067191315c3b4d09cad1ec57cdb8fc1d72e2574e89389c268a94f22d4fa98b5f", size = 675603, upload-time = "2024-06-21T10:37:13.292Z" },
    { url = "https://files.pythonhosted.org/packages/b7/25/7ef228b6436423a606c03044e65f9d7066179e0d3d7e3648979c7899ce9e/pycairo-1.26.1-cp311-cp311-win32.whl", hash = "sha256:56a29623aa7b4adbde5024c61ff001455b5a3def79e512742ea45ab36c3fe24b", size = 766504, upload-time = "2024-06-21T10:37:16.09Z" },
    { url = "https://files.pythonhosted.org/packages/2d/54/fa4f1749b572853f537214bb01b6601b0eba7a9857b3a660e939b1959f4b/pycairo-1.26.1-cp311-cp311-win_amd64.whl", hash = "sha256:8d2889e03a095de5da9e68a589b691a3ada09d60ef18b5fc1b1b99f2a7794297", size = 861879, upload-time = "2024-06-21T10:37:18.802Z" },
    { url = "https://files.pythonhosted.org/packages/6d/e5/e33bdb7a6cf7a86f994fc5950793b79dfd090b4302301daa62e5e7285bd6/pycairo-1.26.1-cp311-cp311-win_arm64.whl", hash = "sha256:7a307111de345304ed8eadd7f81ebd7fb1fc711224aa314a4e8e33af7dfa3d27", size = 675602, upload-time = "2024-06-21T10:37:20.904Z" },
    { url = "https://files.pythonhosted.org/packages/e0/b8/6b92544a90444fc97ea903798bc533e043b2d4653cb2a679d220978741c6/pycairo-1.26.1-cp312-cp312-win32.whl", hash = "sha256:5cc1808e9e30ccd0f4d84ba7700db5aab5673f8b6b901760369ebb88a0823436", size = 766911, upload-time = "2024-06-21T10:37:23.118Z" },
    { url = "https://files.pythonhosted.org/packages/60/18/9d1bfe0c0ff23c65f04001d62d358e56fba11bbc1a86587aabc93f1809ba/pycairo-1.26.1-cp312-cp312-win_amd64.whl", hash = "sha256:36131a726f568b2dbc5e78ff50fbaa379e69db00614d46d66b1e4289caf9b1ce", size = 862105, upload-time = "2024-06-21T10:37:25.7Z" },
    { url = "https://files.pythonhosted.org/packages/f6/71/f21682a17ed0e23d2545a2de39a6f30255868cd81c5f78505640af75f8d3/pycairo-1.26.1-cp312-cp312-win_arm64.whl", hash = "sha256:5577b51543ea4c283c15f436d891e9eaf6fd43fe74882adb032fba2c271f3fe9", size = 675512, upload-time = "2024-06-21T10:37:27.831Z" },
    { url = "https://files.pythonhosted.org/packages/02/00/b72beb131c320fdb23cea8e20cb4a5b38acc6510c2890877a74cdcea484d/pycairo-1.26.1-cp38-cp38-win32.whl", hash = "sha256:27ec7b42c58af35dc11352881262dce4254378b0f11be0959d1c13edb4539d2c", size = 766848, upload-time = "2024-06-21T10:37:30.034Z" },
    { url = "https://files.pythonhosted.org/packages/09/34/619273df157e839e6754ce2ba44bf95522b5b200e2be0fb9c8106329ca46/pycairo-1.26.1-cp38-cp38-win_amd64.whl", hash = "sha256:27357994d277b3fd10a45e9ef58f80a4cb5e3291fe76c5edd58d2d06335eb8e7", size = 862458, upload-time = "2024-06-21T10:37:32.92Z" },
    { url = "https://files.pythonhosted.org/packages/58/3f/9ddd32ef2ca7af25392df6cc01b8d536f2c6de56a28fd2b3e33eb99a51b2/pycairo-1.26.1-cp39-cp39-win32.whl", hash = "sha256:e68300d1c2196d1d34de3432885ae9ff78e10426fa16f765742a11c6f8fe0a71", size = 766767, upload-time = "2024-06-21T10:37:34.827Z" },
    { url = "https://files.pythonhosted.org/packages/97/72/afe8c322fb58fc66f10061f94d74440c40b9a11c7896c6c47f0fdc5a8556/pycairo-1.26.1-cp39-cp39-win_amd64.whl", hash = "sha256:ce049930e294c29b53c68dcaab3df97cc5de7eb1d3d8e8a9f5c77e7164cd6e85", size = 862456, upload-time = "2024-06-21T10:37:37.068Z" },
    { url = "https://files.pythonhosted.org/packages/70/01/0dd13ad12dc840bcbdf313ce5f3658ba8599c33cab87188fa355aafe1a09/pycairo-1.26.1-cp39-cp39-win_arm64.whl", hash = "sha256:22e1db531d4ed3167a98f0ea165bfa2a30df9d6eb22361c38158c031065999a4", size = 675865, upload-time = "2024-06-21T10:37:38.967Z" },
]

[[package]]
name = "pycairo"
version = "1.28.0"
source = { registry = "https://pypi.org/simple" }
resolution-markers = [
    "python_full_version == '3.9.*'",
]
sdist = { url = "https://files.pythonhosted.org/packages/40/d9/412da520de9052b7e80bfc810ec10f5cb3dbfa4aa3e23c2820dc61cdb3d0/pycairo-1.28.0.tar.gz", hash = "sha256:26ec5c6126781eb167089a123919f87baa2740da2cca9098be8b3a6b91cc5fbc", size = 662477, upload-time = "2025-04-14T20:11:08.218Z" }
wheels = [
    { url = "https://files.pythonhosted.org/packages/3e/67/6e5d6328c6037f0479017f51e97f5cbb79a68ed6e93f671dac17cb47bf2e/pycairo-1.28.0-cp310-cp310-win32.whl", hash = "sha256:53e6dbc98456f789965dad49ef89ce2c62f9a10fc96c8d084e14da0ffb73d8a6", size = 750438, upload-time = "2025-04-14T20:10:43.722Z" },
    { url = "https://files.pythonhosted.org/packages/00/79/e941186c2275333643504f57711b157ba17e81a2be805346585ad7fd382e/pycairo-1.28.0-cp310-cp310-win_amd64.whl", hash = "sha256:c8ab91a75025f984bc327ada335c787efb61c929ea0512063793cb36cee503d4", size = 841526, upload-time = "2025-04-14T20:10:45.557Z" },
    { url = "https://files.pythonhosted.org/packages/84/4b/3495baabd3c830bf80bf112a0e645342bfe8f3fc05ed6423444adf62d496/pycairo-1.28.0-cp310-cp310-win_arm64.whl", hash = "sha256:e955328c1a5147bf71ee94e206413ce15e12630296a79788fcd246c80e5337b8", size = 691866, upload-time = "2025-04-16T19:30:17.73Z" },
    { url = "https://files.pythonhosted.org/packages/c9/94/47d75f4eaac865f32e0550ed42869f8b3c4036f8e2b1e6163e9548f4d44f/pycairo-1.28.0-cp311-cp311-win32.whl", hash = "sha256:0fee15f5d72b13ba5fd065860312493dc1bca6ff2dce200ee9d704e11c94e60a", size = 750441, upload-time = "2025-04-14T20:10:48.311Z" },
    { url = "https://files.pythonhosted.org/packages/aa/02/1169a2917b043998585f9dd0f36da618947fdf9b6cc0e9ff9852aa4d548b/pycairo-1.28.0-cp311-cp311-win_amd64.whl", hash = "sha256:6339979bfec8b58a06476094a9a5c104bd5a99932ddaff16ca0d9203d2f4482c", size = 841536, upload-time = "2025-04-14T20:10:51.112Z" },
    { url = "https://files.pythonhosted.org/packages/eb/99/13031086fb4d4ea71568d9ce74e03afbb2e18047f1e6b4e8674851f0414f/pycairo-1.28.0-cp311-cp311-win_arm64.whl", hash = "sha256:c6ae15392e28ebfc0b35d8dc05d395d3b6be4bad9ad4caecf0fa12c8e7150225", size = 691895, upload-time = "2025-04-16T19:30:20.724Z" },
    { url = "https://files.pythonhosted.org/packages/a9/d7/206d7945aac5c6c889e7fea4011410d1311455a1d8dfce66106d8d700b7f/pycairo-1.28.0-cp312-cp312-win32.whl", hash = "sha256:c00cfbb7f30eb7ca1d48886712932e2d91e8835a8496f4e423878296ceba573e", size = 750594, upload-time = "2025-04-14T20:10:53.72Z" },
    { url = "https://files.pythonhosted.org/packages/2e/ba/259fc9a4d3afdad1e5b9db52b9d8a5df67f70dd787167185e8ec8a1af007/pycairo-1.28.0-cp312-cp312-win_amd64.whl", hash = "sha256:d50d190f5033992b55050b9f337ee42a45c3568445d5e5d7987bab96c278d8a6", size = 841767, upload-time = "2025-04-14T20:10:56.711Z" },
    { url = "https://files.pythonhosted.org/packages/c0/08/aa0903612ea0e8686ad6af58d4fb9cbab8ee0b0831201cddf7abd578d045/pycairo-1.28.0-cp312-cp312-win_arm64.whl", hash = "sha256:957e0340ee1c279d197d4f7cfa96f6d8b48e453eec711fca999748d752468ff4", size = 691687, upload-time = "2025-04-16T19:30:23.729Z" },
    { url = "https://files.pythonhosted.org/packages/59/a7/c3e5ed55781dfe1b31eb4a2482aeae707671f3d36b0ea53a1722f4a3dfe9/pycairo-1.28.0-cp313-cp313-win32.whl", hash = "sha256:d13352429d8a08a1cb3607767d23d2fb32e4c4f9faa642155383980ec1478c24", size = 750594, upload-time = "2025-04-14T20:10:59.284Z" },
    { url = "https://files.pythonhosted.org/packages/8b/1c/ebadd290748aff3b6bc35431114d41e7a42f40a4b988c2aaf2dfed5d8156/pycairo-1.28.0-cp313-cp313-win_amd64.whl", hash = "sha256:082aef6b3a9dcc328fa648d38ed6b0a31c863e903ead57dd184b2e5f86790140", size = 841774, upload-time = "2025-04-14T20:11:01.79Z" },
    { url = "https://files.pythonhosted.org/packages/3e/ce/a3f5f1946613cd8a4654322b878c59f273c6e9b01dfadadd3f609070e0b9/pycairo-1.28.0-cp313-cp313-win_arm64.whl", hash = "sha256:026afd53b75291917a7412d9fe46dcfbaa0c028febd46ff1132d44a53ac2c8b6", size = 691675, upload-time = "2025-04-16T19:30:26.565Z" },
    { url = "https://files.pythonhosted.org/packages/96/1b/1f5da2b2e44b33a5b269ff28af710b0a7903001d9cf8a40d00fc944a5092/pycairo-1.28.0-cp314-cp314-win32.whl", hash = "sha256:d0ab30585f536101ad6f09052fc3895e2a437ba57531ea07223d0e076248025d", size = 766699, upload-time = "2025-07-24T06:36:07.267Z" },
    { url = "https://files.pythonhosted.org/packages/c9/91/1d5f18bd3ed469b1de8f83bfbf8bd67d23439f075151b66740fd35356190/pycairo-1.28.0-cp314-cp314-win_amd64.whl", hash = "sha256:94f2ed204999ab95a0671a0fa948ffbb9f3d6fb8731fe787917f6d022d9c1c0f", size = 868725, upload-time = "2025-07-24T06:36:09.597Z" },
    { url = "https://files.pythonhosted.org/packages/79/0e/476ffe64b309672aa4012897d91a2bda7e5b2eb43504bbff48be03e5055c/pycairo-1.28.0-cp39-cp39-win32.whl", hash = "sha256:3ed16d48b8a79cc584cb1cb0ad62dfb265f2dda6d6a19ef5aab181693e19c83c", size = 750680, upload-time = "2025-04-14T20:11:04.197Z" },
    { url = "https://files.pythonhosted.org/packages/f4/77/872e843993bb152f93e970f0807ee08b5a496116ad8eadfa0a1590452111/pycairo-1.28.0-cp39-cp39-win_amd64.whl", hash = "sha256:da0d1e6d4842eed4d52779222c6e43d254244a486ca9fdab14e30042fd5bdf28", size = 842157, upload-time = "2025-04-14T20:11:05.981Z" },
    { url = "https://files.pythonhosted.org/packages/a8/c5/fce33dbb973c5ee7606167056502a70eb316350c41c7656e5739a5f9e490/pycairo-1.28.0-cp39-cp39-win_arm64.whl", hash = "sha256:458877513eb2125513122e8aa9c938630e94bb0574f94f4fb5ab55eb23d6e9ac", size = 691902, upload-time = "2025-04-16T19:30:28.615Z" },
]

[[package]]
name = "pycairo"
version = "1.29.1"
source = { registry = "https://pypi.org/simple" }
resolution-markers = [
    "python_full_version >= '3.10'",
]
sdist = { url = "https://files.pythonhosted.org/packages/26/7c/ab4637b028d9ee12280ab9342f28310e613d5ca30c4d72d2aebeaa6a4969/pycairo-1.29.1.tar.gz", hash = "sha256:4fbd26b4af24c9787d84cf5448e34eb8dca064b732479aaecd03109520eebd5f", size = 666272, upload-time = "2026-08-07T08:45:50.095Z" }
wheels = [
    { url = "https://files.pythonhosted.org/packages/1d/70/358f2a617c024d491a8db8cc40f090c2fdb771c13ae5afb2c82471166663/pycairo-1.29.1-cp310-cp310-win32.whl", hash = "sha256:46abf30e61d4c27022296e858af900d3e5dae764c1e6acfb9b9e4082af860131", size = 751304, upload-time = "2026-08-07T08:46:02.516Z" },
    { url = "https://files.pythonhosted.org/packages/b7/29/359b2bacc7e2d85e02e18fc4edd6e6f9c3807c518e04e95c5222c5980d05/pycairo-1.29.1-cp310-cp310-win_amd64.whl", hash = "sha256:507fefbddc8eeb27862a815c4a4ec648f06d6e22a671e00dcbe766a899e4bcef", size = 845458, upload-time = "2026-08-07T08:46:03.838Z" },
    { url = "https://files.pythonhosted.org/packages/b3/1c/a8f3649b867fd7e176ac530935fd00fb0e22dd9863c84f304ccb80b1878b/pycairo-1.29.1-cp310-cp310-win_arm64.whl", hash = "sha256:eae57db7719c8b717f0d69fe81a1586621dcbfd7f92a1277a181dd89e754be25", size = 694624, upload-time = "2026-08-07T08:46:05.458Z" },
    { url = "https://files.pythonhosted.org/packages/4d/83/d2dfb322cc3acc583aa6e8e601e7c320108804f3f3c677383f23a0de8624/pycairo-1.29.1-cp311-cp311-win32.whl", hash = "sha256:50da6e8eb1525f216e564b3e634b19ede5465080d4fa813416ed45a69b3f6605", size = 751309, upload-time = "2026-08-07T08:46:07.317Z" },
    { url = "https://files.pythonhosted.org/packages/34/e6/f09d1c0ca4a887aea020774c59adabc04b7e1d2f00287ef48473540001e5/pycairo-1.29.1-cp311-cp311-win_amd64.whl", hash = "sha256:73a364341ce6b382200d13cfdf814f8ea50a8a2e0f8280c2d2e7dfb3ba52edcf", size = 845463, upload-time = "2026-08-07T08:46:09.287Z" },
    { url = "https://files.pythonhosted.org/packages/69/a6/84415dce82c4865169847acc2de7895a1463956569383f17cb39e89f1287/pycairo-1.29.1-cp311-cp311-win_arm64.whl", hash = "sha256:59eb4a6d1101834a7ba2c7a8096fccd54eb8514d8189f896b4a8e24a19cfa1f0", size = 694560, upload-time = "2026-08-07T08:46:10.657Z" },
    { url = "https://files.pythonhosted.org/packages/72/f6/b6a2e016cf0df97b2cd094c228c9303af21d626993607d8ea750ea8b704b/pycairo-1.29.1-cp312-cp312-win32.whl", hash = "sha256:cf25a97a15bedd0cdabee5b18652de45eff70b4a7999416ed18dcee2144d17f5", size = 751363, upload-time = "2026-08-07T08:46:12.545Z" },
    { url = "https://files.pythonhosted.org/packages/69/7e/7be1346df5ab8cd7f748f2d17d25d61f34550cfd141f60e8319e9c70df87/pycairo-1.29.1-cp312-cp312-win_amd64.whl", hash = "sha256:839cd8c98e1933426d8959168b466901b398bf4867454451023b93d91030cca9", size = 846004, upload-time = "2026-08-07T08:46:14.067Z" },
    { url = "https://files.pythonhosted.org/packages/04/97/40966895bc12319ff3173cbb5d7876149a8e90e99bbf3b70e4af492c73a9/pycairo-1.29.1-cp312-cp312-win_arm64.whl", hash = "sha256:7cb6279cf0a7951ae9aaa21c6a0adff0fce62c0a68797b6a26a54f9a0859ad4d", size = 694560, upload-time = "2026-08-07T08:46:15.839Z" },
    { url = "https://files.pythonhosted.org/packages/95/7d/26191cac03e8c0d957856839736ee9fb45c6d4ae68c30393895558f1f7ad/pycairo-1.29.1-cp313-cp313-win32.whl", hash = "sha256:4506a15f0dcd9d65b2706f417f8e5633e1456867d5cf272dc69c0b48e2302842", size = 750753, upload-time = "2026-08-07T08:46:17.523Z" },
    { url = "https://files.pythonhosted.org/packages/81/ba/3499ae0f6f8be6d55ef5db620a60693b4ef925b710890bf66c17aeff036e/pycairo-1.29.1-cp313-cp313-win_amd64.whl", hash = "sha256:859f5f29d7c30fc28dbc5ce91eb30a45e0b7e447a7bd738c231dd7f9be368d1a", size = 844528, upload-time = "2026-08-07T08:46:19.1Z" },
    { url = "https://files.pythonhosted.org/packages/91/c1/f83f25aab64418d4de6527cbf951988fc9449020e416113e3a7a4ad7e7b8/pycairo-1.29.1-cp313-cp313-win_arm64.whl", hash = "sha256:0c6159117680798da1457404b648e69b0a0eb23597b22f8a97315eaeea19f917", size = 693588, upload-time = "2026-08-07T08:46:21.087Z" },
    { url = "https://files.pythonhosted.org/packages/9d/ef/87408894ebef901c2accde14dcacfbdbd9bc9abe617039ee6ff382847b75/pycairo-1.29.1-cp314-cp314-win32.whl", hash = "sha256:7222587a4ae1674287c17d10d1c42c4219914f7ef64cac4b2fb995df4f7918cb", size = 767089, upload-time = "2026-08-07T08:46:25.92Z" },
    { url = "https://files.pythonhosted.org/packages/1d/13/aef0ea29661a2fa0cadb3cbb470b514d439efe763cafc956c8b740ad1480/pycairo-1.29.1-cp314-cp314-win_amd64.whl", hash = "sha256:f635a60b7525661b562061e4b1635670b804d1efc9c7f40796c2fa14b24c3ddf", size = 872072, upload-time = "2026-08-07T08:46:27.605Z" },
    { url = "https://files.pythonhosted.org/packages/68/95/fc823a255ed1967ec5bda7243247a2fb484faf868c0cd1ffd1425ae515e8/pycairo-1.29.1-cp314-cp314-win_arm64.whl", hash = "sha256:b5db545cc8e59fe9bb68039db86c5ebcf9d1e6417695d0d2cb5530e67d925af9", size = 719612, upload-time = "2026-08-07T08:46:29.127Z" },
    { url = "https://files.pythonhosted.org/packages/ef/25/4cd521dd9e0f280930717bb93499c50008a6f14b312649d34a54dbd1df71/pycairo-1.29.1-cp314-cp314t-win_amd64.whl", hash = "sha256:3836feabfaf35ef9c502234c5924f3b2db935b6c55d8850ed190b3a58ab3b4ca", size = 874492, upload-time = "2026-08-07T08:46:22.695Z" },
    { url = "https://files.pythonhosted.org/packages/c2/ee/006df2caa60f2df242b9baf13ab95d4575b47acabc54f3ab6d757d3a9691/pycairo-1.29.1-cp314-cp314t-win_arm64.whl", hash = "sha256:85127fb834a8a37a550fa5c684a4c49fc546b465a64ac8df94d7728914a56279", size = 721461, upload-time = "2026-08-07T08:46:24.104Z" },
    { url = "https://files.pythonhosted.org/packages/ce/ec/4466cce6363c07759d04f9481f81d84a6dc506b735e795c193eb63e4f9ef/pycairo-1.29.1-cp315-cp315-win_amd64.whl", hash = "sha256:5c51bd98d2190841389845deae8243479393c1f2d9423de85e9fb4c95afebc10", size = 872007, upload-time = "2026-08-07T08:46:34.392Z" },
    { url = "https://files.pythonhosted.org/packages/92/03/214ee759a86bd821e306c2071aef0de9c201020e7690f9cf165fa2d61d42/pycairo-1.29.1-cp315-cp315-win_arm64.whl", hash = "sha256:e923875c96cfe935d632de50aeebf49db7dffdd23f9042587c3f34af7596868e", size = 719602, upload-time = "2026-08-07T08:46:35.802Z" },
    { url = "https://files.pythonhosted.org/packages/14/df/b163de08eb5307eacda6ee98001a4b920df8432d49f1da9b8d1c8d0342f5/pycairo-1.29.1-cp315-cp315t-win_amd64.whl", hash = "sha256:12515e71e2f17db8c40911ff089c23c465f92ddbabb89cd01304f275030c80ec", size = 874517, upload-time = "2026-08-07T08:46:30.779Z" },
    { url = "https://files.pythonhosted.org/packages/ab/04/81a13cde3c6685186fd79770d619c9b861d51de7450975618a85e8676772/pycairo-1.29.1-cp315-cp315t-win_arm64.whl", hash = "sha256:e5dde8dc08d92ad6935d1a45ff6ea71ea6d5739ed08dbf8677313935f94d5c6d", size = 721459, upload-time = "2026-08-07T08:46:32.19Z" },
]

[[package]]
name = "pygobject"
version = "3.48.2"
source = { registry = "https://pypi.org/simple" }
resolution-markers = [
    "python_full_version < '3.9'",
]
dependencies = [
    { name = "pycairo", version = "1.26.1", source = { registry = "https://pypi.org/simple" } },
]
sdist = { url = "https://files.pythonhosted.org/packages/f9/9e/6bab1ed3bd878f0912d9a0600c21f3d88bab0e8a8d4c3ce50f5cf336faaf/pygobject-3.48.2.tar.gz", hash = "sha256:c3c0a7afbe5b2c1c64dc0530109b4dd571085153dbedfbccb8ec7c5ad233f977", size = 715243, upload-time = "2024-04-06T07:20:44.474Z" }

[[package]]
name = "pygobject"
version = "3.54.5"
source = { registry = "https://pypi.org/simple" }
resolution-markers = [
    "python_full_version == '3.9.*'",
]
dependencies = [
    { name = "pycairo", version = "1.28.0", source = { registry = "https://pypi.org/simple" } },
]
sdist = { url = "https://files.pythonhosted.org/packages/d3/a5/68f883df1d8442e3b267cb92105a4b2f0de819bd64ac9981c2d680d3f49f/pygobject-3.54.5.tar.gz", hash = "sha256:b6656f6348f5245606cf15ea48c384c7f05156c75ead206c1b246c80a22fb585", size = 1274658, upload-time = "2025-10-18T13:45:03.121Z" }

[[package]]
name = "pygobject"
version = "3.58.0"
source = { registry = "https://pypi.org/simple" }
resolution-markers = [
    "python_full_version >= '3.10'",
]
dependencies = [
    { name = "pycairo", version = "1.29.1", source = { registry = "https://pypi.org/simple" } },
]
sdist = { url = "https://files.pythonhosted.org/packages/a3/9b/473a5234ec86bce978d3583adc62441c84cc57181c4ea8a8978997c7f0c1/pygobject-3.58.0.tar.gz", hash = "sha256:45068697de3ffe46840ca369705f23118b34db4f7deb63f6eff079a6734ddcca", size = 1408568, upload-time = "2026-08-28T06:50:27.22Z" }
