version = 1
revision = 3
requires-python = ">=3.11"

[[package]]
name = "inotify-simple"
version = "2.0.1"
source = { registry = "https://pypi.org/simple" }
sdist = { url = "https://files.pythonhosted.org/packages/e3/5c/bfe40e15d684bc30b0073aa97c39be410a5fbef3d33cad6f0bf2012571e0/inotify_simple-2.0.1.tar.gz", hash = "sha256:f010bbbd8283bd71a9f4eb2de94765804ede24bd47320b0e6ef4136e541cdc2c", size = 7101, upload-time = "2025-08-25T06:28:20.998Z" }
wheels = [
    { url = "https://files.pythonhosted.org/packages/e3/86/8be1ac7e90f80b413e81f1e235148e8db771218886a2353392f02da01be3/inotify_simple-2.0.1-py3-none-any.whl", hash = "sha256:e5da495f2064889f8e68b67f9358b0d102e03b783c2d42e5b8e132ab859a5d8a", size = 7449, upload-time = "2025-08-25T06:28:19.919Z" },
]

[[package]]
name = "vinotify"
version = "1.0.0"
source = { editable = "." }
dependencies = [
    { name = "inotify-simple" },
]

[package.metadata]
requires-dist = [{ name = "inotify-simple", specifier = ">=1.3.5" }]

[package.metadata.requires-dev]
dev = []
