version = 1
revision = 3
requires-python = ">=3.11"

[[package]]
name = "decorator"
version = "5.2.1"
source = { registry = "https://pypi.org/simple" }
sdist = { url = "https://files.pythonhosted.org/packages/43/fa/6d96a0978d19e17b68d634497769987b16c8f4cd0a7a05048bec693caa6b/decorator-5.2.1.tar.gz", hash = "sha256:65f266143752f734b0a7cc83c46f4618af75b8c5911b00ccb61d0ac9b6da0360", size = 56711, upload-time = "2025-02-24T04:41:34.073Z" }
wheels = [
    { url = "https://files.pythonhosted.org/packages/4e/8c/f3147f5c4b73e7550fe5f9352eaa956ae838d5c51eb58e7a25b9f3e2643b/decorator-5.2.1-py3-none-any.whl", hash = "sha256:d316bb415a2d9e2d2b3abcc4084c6502fc09240e292cd76a76afc106a1c8e04a", size = 9190, upload-time = "2025-02-24T04:41:32.565Z" },
]

[[package]]
name = "gssapi"
version = "1.11.1"
source = { registry = "https://pypi.org/simple" }
dependencies = [
    { name = "decorator" },
]
sdist = { url = "https://files.pythonhosted.org/packages/23/52/c1e90623c259a42ab0587078bb04f959867b970add46ff66750ead8fc7c5/gssapi-1.11.1.tar.gz", hash = "sha256:2049ee4b1d0c363163a1344b7282a363f9f4094e51d2c36de0cf01d4735e0ae2", size = 95233, upload-time = "2026-01-26T21:01:39.463Z" }
wheels = [
    { url = "https://files.pythonhosted.org/packages/48/75/3cc18f2d084d19fbba38dc684588cf5f674c647e754f9cf1625bd78c39f8/gssapi-1.11.1-cp311-abi3-macosx_10_9_x86_64.whl", hash = "sha256:2298e5909a8f2d27c29352885a24e4026cfd3fa24fc38d4a0a3743fa5a3e7667", size = 611712, upload-time = "2026-01-26T21:01:19.626Z" },
    { url = "https://files.pythonhosted.org/packages/81/f9/ac0f8c43c209d56c89655f80cd4ae43379f88370d01a7e11f264f081eef5/gssapi-1.11.1-cp311-abi3-macosx_11_0_arm64.whl", hash = "sha256:5b60b1f8d8d3e36c025bd3494105de1dfccee578e8de001f423cc094468e3022", size = 642782, upload-time = "2026-01-26T21:01:21.462Z" },
    { url = "https://files.pythonhosted.org/packages/f8/97/f4ea9248bfdf5fcde2c5bf0bc0e573d212748724a32a5aa1002e11edb760/gssapi-1.11.1-cp311-abi3-win32.whl", hash = "sha256:9738fe0ba163c28ccf521de7520640bde4b135c1b6e87a5ac5a90435369e89c0", size = 699801, upload-time = "2026-01-26T21:01:23.226Z" },
    { url = "https://files.pythonhosted.org/packages/54/ca/7f839880baf7c365768884161c246a3b6201738722fc7581a995190ec431/gssapi-1.11.1-cp311-abi3-win_amd64.whl", hash = "sha256:96a102ad1ec266e2d843468bf03149982969fc70344f303f81ea20197b80d7a1", size = 781646, upload-time = "2026-01-26T21:01:24.618Z" },
    { url = "https://files.pythonhosted.org/packages/7b/79/9148636b75ca5741ddc9c57c4b256adec422e3a89bca14306d53b48caac9/gssapi-1.11.1-cp314-cp314t-macosx_10_15_x86_64.whl", hash = "sha256:82fba401e9514ad21749b8d8954e2de1c617b0a73204c8598ee84630e23c5810", size = 714379, upload-time = "2026-01-26T21:01:25.961Z" },
    { url = "https://files.pythonhosted.org/packages/ca/77/f34fd81bbccf2e682073964a1b1b0a383e70d02946e472f78881d50cec6f/gssapi-1.11.1-cp314-cp314t-macosx_11_0_arm64.whl", hash = "sha256:cb0250f27d288d4217d7f606d3b68ecb9a10fce9391106129cada96434a685b0", size = 734103, upload-time = "2026-01-26T21:01:27.3Z" },
    { url = "https://files.pythonhosted.org/packages/b2/34/733a6f3372040992befd1fe62288cafea9fe25acdcf8b663ec8a7857cb69/gssapi-1.11.1-cp314-cp314t-win32.whl", hash = "sha256:b17875d236b8b030a777ee3f3ece55f3d316a91937c37abbc771afe1493703cf", size = 868586, upload-time = "2026-01-26T21:01:29.041Z" },
    { url = "https://files.pythonhosted.org/packages/10/03/1b71feddb85f945101c3cdc07242805c5e9b48da546f8a922129ad8299e5/gssapi-1.11.1-cp314-cp314t-win_amd64.whl", hash = "sha256:da43c0e0ae84bb9f04c4e016eac6d3826c6357f827183042ba990ccedeeab052", size = 981075, upload-time = "2026-01-26T21:01:30.451Z" },
]

[[package]]
name = "ldap-query"
version = "1.0.0"
source = { editable = "." }
dependencies = [
    { name = "gssapi" },
    { name = "ldap3" },
]

[package.metadata]
requires-dist = [
    { name = "gssapi", specifier = ">=1.9.0" },
    { name = "ldap3", specifier = ">=2.9.1" },
]

[package.metadata.requires-dev]
dev = []

[[package]]
name = "ldap3"
version = "2.9.1"
source = { registry = "https://pypi.org/simple" }
dependencies = [
    { name = "pyasn1" },
]
sdist = { url = "https://files.pythonhosted.org/packages/43/ac/96bd5464e3edbc61595d0d69989f5d9969ae411866427b2500a8e5b812c0/ldap3-2.9.1.tar.gz", hash = "sha256:f3e7fc4718e3f09dda568b57100095e0ce58633bcabbed8667ce3f8fbaa4229f", size = 398830, upload-time = "2021-07-18T06:34:21.786Z" }
wheels = [
    { url = "https://files.pythonhosted.org/packages/4e/f6/71d6ec9f18da0b2201287ce9db6afb1a1f637dedb3f0703409558981c723/ldap3-2.9.1-py2.py3-none-any.whl", hash = "sha256:5869596fc4948797020d3f03b7939da938778a0f9e2009f7a072ccf92b8e8d70", size = 432192, upload-time = "2021-07-18T06:34:12.905Z" },
]

[[package]]
name = "pyasn1"
version = "0.6.2"
source = { registry = "https://pypi.org/simple" }
sdist = { url = "https://files.pythonhosted.org/packages/fe/b6/6e630dff89739fcd427e3f72b3d905ce0acb85a45d4ec3e2678718a3487f/pyasn1-0.6.2.tar.gz", hash = "sha256:9b59a2b25ba7e4f8197db7686c09fb33e658b98339fadb826e9512629017833b", size = 146586, upload-time = "2026-01-16T18:04:18.534Z" }
wheels = [
    { url = "https://files.pythonhosted.org/packages/44/b5/a96872e5184f354da9c84ae119971a0a4c221fe9b27a4d94bd43f2596727/pyasn1-0.6.2-py3-none-any.whl", hash = "sha256:1eb26d860996a18e9b6ed05e7aae0e9fc21619fcee6af91cca9bad4fbea224bf", size = 83371, upload-time = "2026-01-16T18:04:17.174Z" },
]
