version = 1
revision = 3
requires-python = ">=3.11"

[[package]]
name = "hotplug"
version = "1.0.0"
source = { editable = "." }
dependencies = [
    { name = "qemu-qmp" },
    { name = "systemd-python" },
]

[package.metadata]
requires-dist = [
    { name = "qemu-qmp", specifier = ">=0.0.5" },
    { name = "systemd-python", specifier = ">=235" },
]

[package.metadata.requires-dev]
dev = []

[[package]]
name = "qemu-qmp"
version = "0.0.5"
source = { registry = "https://pypi.org/simple" }
sdist = { url = "https://files.pythonhosted.org/packages/82/53/a7668df6a6051ecf714b3831526a8a754a3dae9a5ddea3e4f99a09547234/qemu_qmp-0.0.5.tar.gz", hash = "sha256:1d1b9a9a5d57edfe2de3a1d888612823b09aff946951a902e79e9655a2aabbfd", size = 81450, upload-time = "2025-10-02T18:29:57.945Z" }
wheels = [
    { url = "https://files.pythonhosted.org/packages/93/ed/821ef7e85d19fa2a72f13c1df98aa857fae321e9cef05bb55dae2d8b89e8/qemu_qmp-0.0.5-py3-none-any.whl", hash = "sha256:e05782d6df5844b34e0d2f7c68693525da074deef7b641c1401dda6e4e3d6303", size = 72263, upload-time = "2025-10-02T18:29:56.4Z" },
]

[[package]]
name = "systemd-python"
version = "235"
source = { registry = "https://pypi.org/simple" }
sdist = { url = "https://files.pythonhosted.org/packages/10/9e/ab4458e00367223bda2dd7ccf0849a72235ee3e29b36dce732685d9b7ad9/systemd-python-235.tar.gz", hash = "sha256:4e57f39797fd5d9e2d22b8806a252d7c0106c936039d1e71c8c6b8008e695c0a", size = 61677, upload-time = "2023-02-11T13:42:16.588Z" }
